
Microsoft Visual Studio Solution File, Format Version 12.00
# Visual Studio Version 17
VisualStudioVersion = 17.11.35222.181
MinimumVisualStudioVersion = 10.0.40219.1
Project("{FAE04EC0-301F-11D3-BF4B-00C04F79EFBC}") = "DotNetCommunityToolkit", "DotNetCommunityToolkit\DotNetCommunityToolkit.csproj", "{AA4497AE-78D5-4338-9ABB-20431D973BFD}"
EndProject
Global
	GlobalSection(SolutionConfigurationPlatforms) = preSolution
		Debug|Any CPU = Debug|Any CPU
		Release|Any CPU = Release|Any CPU
	EndGlobalSection
	GlobalSection(ProjectConfigurationPlatforms) = postSolution
		{AA4497AE-78D5-4338-9ABB-20431D973BFD}.Debug|Any CPU.ActiveCfg = Debug|Any CPU
		{AA4497AE-78D5-4338-9ABB-20431D973BFD}.Debug|Any CPU.Build.0 = Debug|Any CPU
		{AA4497AE-78D5-4338-9ABB-20431D973BFD}.Debug|Any CPU.Deploy.0 = Debug|Any CPU
		{AA4497AE-78D5-4338-9ABB-20431D973BFD}.Release|Any CPU.ActiveCfg = Release|Any CPU
		{AA4497AE-78D5-4338-9ABB-20431D973BFD}.Release|Any CPU.Build.0 = Release|Any CPU
		{AA4497AE-78D5-4338-9ABB-20431D973BFD}.Release|Any CPU.Deploy.0 = Release|Any CPU
	EndGlobalSection
	GlobalSection(SolutionProperties) = preSolution
		HideSolutionNode = FALSE
	EndGlobalSection
	GlobalSection(ExtensibilityGlobals) = postSolution
		SolutionGuid = {4815546D-8892-4F47-AB2A-6EABB921D57D}
	EndGlobalSection
EndGlobal
